// !$*UTF8*$!
{
	archiveVersion = 1;
	classes = {
	};
	objectVersion = 56;
	objects = {

/* Begin PBXBuildFile section */
		7FBEBDD32B95C5A5005B827C /* AppDelegate.swift in Sources */ = {isa = PBXBuildFile; fileRef = 7FBEBDD22B95C5A5005B827C /* AppDelegate.swift */; };
		7FBEBDD52B95C5A5005B827C /* SceneDelegate.swift in Sources */ = {isa = PBXBuildFile; fileRef = 7FBEBDD42B95C5A5005B827C /* SceneDelegate.swift */; };
		7FBEBDD72B95C5A5005B827C /* ViewController.swift in Sources */ = {isa = PBXBuildFile; fileRef = 7FBEBDD62B95C5A5005B827C /* ViewController.swift */; };
		7FBEBDDA2B95C5A5005B827C /* Main.storyboard in Resources */ = {isa = PBXBuildFile; fileRef = 7FBEBDD82B95C5A5005B827C /* Main.storyboard */; };
		7FBEBDDC2B95C5AB005B827C /* Assets.xcassets in Resources */ = {isa = PBXBuildFile; fileRef = 7FBEBDDB2B95C5AB005B827C /* Assets.xcassets */; };
		7FBEBDDF2B95C5AB005B827C /* LaunchScreen.storyboard in Resources */ = {isa = PBXBuildFile; fileRef = 7FBEBDDD2B95C5AB005B827C /* LaunchScreen.storyboard */; };
		7FBEBDEA2B95C5AC005B827C /* realmTestAppTests.swift in Sources */ = {isa = PBXBuildFile; fileRef = 7FBEBDE92B95C5AC005B827C /* realmTestAppTests.swift */; };
		7FBEBDF42B95C5AC005B827C /* realmTestAppUITests.swift in Sources */ = {isa = PBXBuildFile; fileRef = 7FBEBDF32B95C5AC005B827C /* realmTestAppUITests.swift */; };
		7FBEBDF62B95C5AC005B827C /* realmTestAppUITestsLaunchTests.swift in Sources */ = {isa = PBXBuildFile; fileRef = 7FBEBDF52B95C5AC005B827C /* realmTestAppUITestsLaunchTests.swift */; };
/* End PBXBuildFile section */

/* Begin PBXContainerItemProxy section */
		7FBEBDE62B95C5AC005B827C /* PBXContainerItemProxy */ = {
			isa = PBXContainerItemProxy;
			containerPortal = 7FBEBDC72B95C5A5005B827C /* Project object */;
			proxyType = 1;
			remoteGlobalIDString = 7FBEBDCE2B95C5A5005B827C;
			remoteInfo = realmTestApp;
		};
		7FBEBDF02B95C5AC005B827C /* PBXContainerItemProxy */ = {
			isa = PBXContainerItemProxy;
			containerPortal = 7FBEBDC72B95C5A5005B827C /* Project object */;
			proxyType = 1;
			remoteGlobalIDString = 7FBEBDCE2B95C5A5005B827C;
			remoteInfo = realmTestApp;
		};
/* End PBXContainerItemProxy section */

/* Begin PBXFileReference section */
		7FBEBDCF2B95C5A5005B827C /* realmTestApp.app */ = {isa = PBXFileReference; explicitFileType = wrapper.application; includeInIndex = 0; path = realmTestApp.app; sourceTree = BUILT_PRODUCTS_DIR; };
		7FBEBDD22B95C5A5005B827C /* AppDelegate.swift */ = {isa = PBXFileReference; lastKnownFileType = sourcecode.swift; path = AppDelegate.swift; sourceTree = "<group>"; };
		7FBEBDD42B95C5A5005B827C /* SceneDelegate.swift */ = {isa = PBXFileReference; lastKnownFileType = sourcecode.swift; path = SceneDelegate.swift; sourceTree = "<group>"; };
		7FBEBDD62B95C5A5005B827C /* ViewController.swift */ = {isa = PBXFileReference; lastKnownFileType = sourcecode.swift; path = ViewController.swift; sourceTree = "<group>"; };
		7FBEBDD92B95C5A5005B827C /* Base */ = {isa = PBXFileReference; lastKnownFileType = file.storyboard; name = Base; path = Base.lproj/Main.storyboard; sourceTree = "<group>"; };
		7FBEBDDB2B95C5AB005B827C /* Assets.xcassets */ = {isa = PBXFileReference; lastKnownFileType = folder.assetcatalog; path = Assets.xcassets; sourceTree = "<group>"; };
		7FBEBDDE2B95C5AB005B827C /* Base */ = {isa = PBXFileReference; lastKnownFileType = file.storyboard; name = Base; path = Base.lproj/LaunchScreen.storyboard; sourceTree = "<group>"; };
		7FBEBDE02B95C5AB005B827C /* Info.plist */ = {isa = PBXFileReference; lastKnownFileType = text.plist.xml; path = Info.plist; sourceTree = "<group>"; };
		7FBEBDE52B95C5AC005B827C /* realmTestAppTests.xctest */ = {isa = PBXFileReference; explicitFileType = wrapper.cfbundle; includeInIndex = 0; path = realmTestAppTests.xctest; sourceTree = BUILT_PRODUCTS_DIR; };
		7FBEBDE92B95C5AC005B827C /* realmTestAppTests.swift */ = {isa = PBXFileReference; lastKnownFileType = sourcecode.swift; path = realmTestAppTests.swift; sourceTree = "<group>"; };
		7FBEBDEF2B95C5AC005B827C /* realmTestAppUITests.xctest */ = {isa = PBXFileReference; explicitFileType = wrapper.cfbundle; includeInIndex = 0; path = realmTestAppUITests.xctest; sourceTree = BUILT_PRODUCTS_DIR; };
		7FBEBDF32B95C5AC005B827C /* realmTestAppUITests.swift */ = {isa = PBXFileReference; lastKnownFileType = sourcecode.swift; path = realmTestAppUITests.swift; sourceTree = "<group>"; };
		7FBEBDF52B95C5AC005B827C /* realmTestAppUITestsLaunchTests.swift */ = {isa = PBXFileReference; lastKnownFileType = sourcecode.swift; path = realmTestAppUITestsLaunchTests.swift; sourceTree = "<group>"; };
/* End PBXFileReference section */

/* Begin PBXFrameworksBuildPhase section */
		7FBEBDCC2B95C5A5005B827C /* Frameworks */ = {
			isa = PBXFrameworksBuildPhase;
			buildActionMask = 2147483647;
			files = (
			);
			runOnlyForDeploymentPostprocessing = 0;
		};
		7FBEBDE22B95C5AC005B827C /* Frameworks */ = {
			isa = PBXFrameworksBuildPhase;
			buildActionMask = 2147483647;
			files = (
			);
			runOnlyForDeploymentPostprocessing = 0;
		};
		7FBEBDEC2B95C5AC005B827C /* Frameworks */ = {
			isa = PBXFrameworksBuildPhase;
			buildActionMask = 2147483647;
			files = (
			);
			runOnlyForDeploymentPostprocessing = 0;
		};
/* End PBXFrameworksBuildPhase section */

/* Begin PBXGroup section */
		7FBEBDC62B95C5A5005B827C = {
			isa = PBXGroup;
			children = (
				7FBEBDD12B95C5A5005B827C /* realmTestApp */,
				7FBEBDE82B95C5AC005B827C /* realmTestAppTests */,
				7FBEBDF22B95C5AC005B827C /* realmTestAppUITests */,
				7FBEBDD02B95C5A5005B827C /* Products */,
			);
			sourceTree = "<group>";
		};
		7FBEBDD02B95C5A5005B827C /* Products */ = {
			isa = PBXGroup;
			children = (
				7FBEBDCF2B95C5A5005B827C /* realmTestApp.app */,
				7FBEBDE52B95C5AC005B827C /* realmTestAppTests.xctest */,
				7FBEBDEF2B95C5AC005B827C /* realmTestAppUITests.xctest */,
			);
			name = Products;
			sourceTree = "<group>";
		};
		7FBEBDD12B95C5A5005B827C /* realmTestApp */ = {
			isa = PBXGroup;
			children = (
				7FBEBDD22B95C5A5005B827C /* AppDelegate.swift */,
				7FBEBDD42B95C5A5005B827C /* SceneDelegate.swift */,
				7FBEBDD62B95C5A5005B827C /* ViewController.swift */,
				7FBEBDD82B95C5A5005B827C /* Main.storyboard */,
				7FBEBDDB2B95C5AB005B827C /* Assets.xcassets */,
				7FBEBDDD2B95C5AB005B827C /* LaunchScreen.storyboard */,
				7FBEBDE02B95C5AB005B827C /* Info.plist */,
			);
			path = realmTestApp;
			sourceTree = "<group>";
		};
		7FBEBDE82B95C5AC005B827C /* realmTestAppTests */ = {
			isa = PBXGroup;
			children = (
				7FBEBDE92B95C5AC005B827C /* realmTestAppTests.swift */,
			);
			path = realmTestAppTests;
			sourceTree = "<group>";
		};
		7FBEBDF22B95C5AC005B827C /* realmTestAppUITests */ = {
			isa = PBXGroup;
			children = (
				7FBEBDF32B95C5AC005B827C /* realmTestAppUITests.swift */,
				7FBEBDF52B95C5AC005B827C /* realmTestAppUITestsLaunchTests.swift */,
			);
			path = realmTestAppUITests;
			sourceTree = "<group>";
		};
/* End PBXGroup section */

/* Begin PBXNativeTarget section */
		7FBEBDCE2B95C5A5005B827C /* realmTestApp */ = {
			isa = PBXNativeTarget;
			buildConfigurationList = 7FBEBDF92B95C5AC005B827C /* Build configuration list for PBXNativeTarget "realmTestApp" */;
			buildPhases = (
				7FBEBDCB2B95C5A5005B827C /* Sources */,
				7FBEBDCC2B95C5A5005B827C /* Frameworks */,
				7FBEBDCD2B95C5A5005B827C /* Resources */,
			);
			buildRules = (
			);
			dependencies = (
			);
			name = realmTestApp;
			productName = realmTestApp;
			productReference = 7FBEBDCF2B95C5A5005B827C /* realmTestApp.app */;
			productType = "com.apple.product-type.application";
		};
		7FBEBDE42B95C5AC005B827C /* realmTestAppTests */ = {
			isa = PBXNativeTarget;
			buildConfigurationList = 7FBEBDFC2B95C5AC005B827C /* Build configuration list for PBXNativeTarget "realmTestAppTests" */;
			buildPhases = (
				7FBEBDE12B95C5AC005B827C /* Sources */,
				7FBEBDE22B95C5AC005B827C /* Frameworks */,
				7FBEBDE32B95C5AC005B827C /* Resources */,
			);
			buildRules = (
			);
			dependencies = (
				7FBEBDE72B95C5AC005B827C /* PBXTargetDependency */,
			);
			name = realmTestAppTests;
			productName = realmTestAppTests;
			productReference = 7FBEBDE52B95C5AC005B827C /* realmTestAppTests.xctest */;
			productType = "com.apple.product-type.bundle.unit-test";
		};
		7FBEBDEE2B95C5AC005B827C /* realmTestAppUITests */ = {
			isa = PBXNativeTarget;
			buildConfigurationList = 7FBEBDFF2B95C5AC005B827C /* Build configuration list for PBXNativeTarget "realmTestAppUITests" */;
			buildPhases = (
				7FBEBDEB2B95C5AC005B827C /* Sources */,
				7FBEBDEC2B95C5AC005B827C /* Frameworks */,
				7FBEBDED2B95C5AC005B827C /* Resources */,
			);
			buildRules = (
			);
			dependencies = (
				7FBEBDF12B95C5AC005B827C /* PBXTargetDependency */,
			);
			name = realmTestAppUITests;
			productName = realmTestAppUITests;
			productReference = 7FBEBDEF2B95C5AC005B827C /* realmTestAppUITests.xctest */;
			productType = "com.apple.product-type.bundle.ui-testing";
		};
/* End PBXNativeTarget section */

/* Begin PBXProject section */
		7FBEBDC72B95C5A5005B827C /* Project object */ = {
			isa = PBXProject;
			attributes = {
				BuildIndependentTargetsInParallel = 1;
				LastSwiftUpdateCheck = 1500;
				LastUpgradeCheck = 1500;
				TargetAttributes = {
					7FBEBDCE2B95C5A5005B827C = {
						CreatedOnToolsVersion = 15.0.1;
					};
					7FBEBDE42B95C5AC005B827C = {
						CreatedOnToolsVersion = 15.0.1;
						TestTargetID = 7FBEBDCE2B95C5A5005B827C;
					};
					7FBEBDEE2B95C5AC005B827C = {
						CreatedOnToolsVersion = 15.0.1;
						TestTargetID = 7FBEBDCE2B95C5A5005B827C;
					};
				};
			};
			buildConfigurationList = 7FBEBDCA2B95C5A5005B827C /* Build configuration list for PBXProject "realmTestApp" */;
			compatibilityVersion = "Xcode 14.0";
			developmentRegion = en;
			hasScannedForEncodings = 0;
			knownRegions = (
				en,
				Base,
			);
			mainGroup = 7FBEBDC62B95C5A5005B827C;
			productRefGroup = 7FBEBDD02B95C5A5005B827C /* Products */;
			projectDirPath = "";
			projectRoot = "";
			targets = (
				7FBEBDCE2B95C5A5005B827C /* realmTestApp */,
				7FBEBDE42B95C5AC005B827C /* realmTestAppTests */,
				7FBEBDEE2B95C5AC005B827C /* realmTestAppUITests */,
			);
		};
/* End PBXProject section */

/* Begin PBXResourcesBuildPhase section */
		7FBEBDCD2B95C5A5005B827C /* Resources */ = {
			isa = PBXResourcesBuildPhase;
			buildActionMask = 2147483647;
			files = (
				7FBEBDDF2B95C5AB005B827C /* LaunchScreen.storyboard in Resources */,
				7FBEBDDC2B95C5AB005B827C /* Assets.xcassets in Resources */,
				7FBEBDDA2B95C5A5005B827C /* Main.storyboard in Resources */,
			);
			runOnlyForDeploymentPostprocessing = 0;
		};
		7FBEBDE32B95C5AC005B827C /* Resources */ = {
			isa = PBXResourcesBuildPhase;
			buildActionMask = 2147483647;
			files = (
			);
			runOnlyForDeploymentPostprocessing = 0;
		};
		7FBEBDED2B95C5AC005B827C /* Resources */ = {
			isa = PBXResourcesBuildPhase;
			buildActionMask = 2147483647;
			files = (
			);
			runOnlyForDeploymentPostprocessing = 0;
		};
/* End PBXResourcesBuildPhase section */

/* Begin PBXSourcesBuildPhase section */
		7FBEBDCB2B95C5A5005B827C /* Sources */ = {
			isa = PBXSourcesBuildPhase;
			buildActionMask = 2147483647;
			files = (
				7FBEBDD72B95C5A5005B827C /* ViewController.swift in Sources */,
				7FBEBDD32B95C5A5005B827C /* AppDelegate.swift in Sources */,
				7FBEBDD52B95C5A5005B827C /* SceneDelegate.swift in Sources */,
			);
			runOnlyForDeploymentPostprocessing = 0;
		};
		7FBEBDE12B95C5AC005B827C /* Sources */ = {
			isa = PBXSourcesBuildPhase;
			buildActionMask = 2147483647;
			files = (
				7FBEBDEA2B95C5AC005B827C /* realmTestAppTests.swift in Sources */,
			);
			runOnlyForDeploymentPostprocessing = 0;
		};
		7FBEBDEB2B95C5AC005B827C /* Sources */ = {
			isa = PBXSourcesBuildPhase;
			buildActionMask = 2147483647;
			files = (
				7FBEBDF62B95C5AC005B827C /* realmTestAppUITestsLaunchTests.swift in Sources */,
				7FBEBDF42B95C5AC005B827C /* realmTestAppUITests.swift in Sources */,
			);
			runOnlyForDeploymentPostprocessing = 0;
		};
/* End PBXSourcesBuildPhase section */

/* Begin PBXTargetDependency section */
		7FBEBDE72B95C5AC005B827C /* PBXTargetDependency */ = {
			isa = PBXTargetDependency;
			target = 7FBEBDCE2B95C5A5005B827C /* realmTestApp */;
			targetProxy = 7FBEBDE62B95C5AC005B827C /* PBXContainerItemProxy */;
		};
		7FBEBDF12B95C5AC005B827C /* PBXTargetDependency */ = {
			isa = PBXTargetDependency;
			target = 7FBEBDCE2B95C5A5005B827C /* realmTestApp */;
			targetProxy = 7FBEBDF02B95C5AC005B827C /* PBXContainerItemProxy */;
		};
/* End PBXTargetDependency section */

/* Begin PBXVariantGroup section */
		7FBEBDD82B95C5A5005B827C /* Main.storyboard */ = {
			isa = PBXVariantGroup;
			children = (
				7FBEBDD92B95C5A5005B827C /* Base */,
			);
			name = Main.storyboard;
			sourceTree = "<group>";
		};
		7FBEBDDD2B95C5AB005B827C /* LaunchScreen.storyboard */ = {
			isa = PBXVariantGroup;
			children = (
				7FBEBDDE2B95C5AB005B827C /* Base */,
			);
			name = LaunchScreen.storyboard;
			sourceTree = "<group>";
		};
/* End PBXVariantGroup section */

/* Begin XCBuildConfiguration section */
		7FBEBDF72B95C5AC005B827C /* Debug */ = {
			isa = XCBuildConfiguration;
			buildSettings = {
				ALWAYS_SEARCH_USER_PATHS = NO;
				ASSETCATALOG_COMPILER_GENERATE_SWIFT_ASSET_SYMBOL_EXTENSIONS = YES;
				CLANG_ANALYZER_NONNULL = YES;
				CLANG_ANALYZER_NUMBER_OBJECT_CONVERSION = YES_AGGRESSIVE;
				CLANG_CXX_LANGUAGE_STANDARD = "gnu++20";
				CLANG_ENABLE_MODULES = YES;
				CLANG_ENABLE_OBJC_ARC = YES;
				CLANG_ENABLE_OBJC_WEAK = YES;
				CLANG_WARN_BLOCK_CAPTURE_AUTORELEASING = YES;
				CLANG_WARN_BOOL_CONVERSION = YES;
				CLANG_WARN_COMMA = YES;
				CLANG_WARN_CONSTANT_CONVERSION = YES;
				CLANG_WARN_DEPRECATED_OBJC_IMPLEMENTATIONS = YES;
				CLANG_WARN_DIRECT_OBJC_ISA_USAGE = YES_ERROR;
				CLANG_WARN_DOCUMENTATION_COMMENTS = YES;
				CLANG_WARN_EMPTY_BODY = YES;
				CLANG_WARN_ENUM_CONVERSION = YES;
				CLANG_WARN_INFINITE_RECURSION = YES;
				CLANG_WARN_INT_CONVERSION = YES;
				CLANG_WARN_NON_LITERAL_NULL_CONVERSION = YES;
				CLANG_WARN_OBJC_IMPLICIT_RETAIN_SELF = YES;
				CLANG_WARN_OBJC_LITERAL_CONVERSION = YES;
				CLANG_WARN_OBJC_ROOT_CLASS = YES_ERROR;
				CLANG_WARN_QUOTED_INCLUDE_IN_FRAMEWORK_HEADER = YES;
				CLANG_WARN_RANGE_LOOP_ANALYSIS = YES;
				CLANG_WARN_STRICT_PROTOTYPES = YES;
				CLANG_WARN_SUSPICIOUS_MOVE = YES;
				CLANG_WARN_UNGUARDED_AVAILABILITY = YES_AGGRESSIVE;
				CLANG_WARN_UNREACHABLE_CODE = YES;
				CLANG_WARN__DUPLICATE_METHOD_MATCH = YES;
				COPY_PHASE_STRIP = NO;
				DEBUG_INFORMATION_FORMAT = dwarf;
				ENABLE_STRICT_OBJC_MSGSEND = YES;
				ENABLE_TESTABILITY = YES;
				ENABLE_USER_SCRIPT_SANDBOXING = YES;
				GCC_C_LANGUAGE_STANDARD = gnu17;
				GCC_DYNAMIC_NO_PIC = NO;
				GCC_NO_COMMON_BLOCKS = YES;
				GCC_OPTIMIZATION_LEVEL = 0;
				GCC_PREPROCESSOR_DEFINITIONS = (
					"DEBUG=1",
					"$(inherited)",
				);
				GCC_WARN_64_TO_32_BIT_CONVERSION = YES;
				GCC_WARN_ABOUT_RETURN_TYPE = YES_ERROR;
				GCC_WARN_UNDECLARED_SELECTOR = YES;
				GCC_WARN_UNINITIALIZED_AUTOS = YES_AGGRESSIVE;
				GCC_WARN_UNUSED_FUNCTION = YES;
				GCC_WARN_UNUSED_VARIABLE = YES;
				IPHONEOS_DEPLOYMENT_TARGET = 17.0;
				LOCALIZATION_PREFERS_STRING_CATALOGS = YES;
				MTL_ENABLE_DEBUG_INFO = INCLUDE_SOURCE;
				MTL_FAST_MATH = YES;
				ONLY_ACTIVE_ARCH = YES;
				SDKROOT = iphoneos;
				SWIFT_ACTIVE_COMPILATION_CONDITIONS = "DEBUG $(inherited)";
				SWIFT_OPTIMIZATION_LEVEL = "-Onone";
			};
			name = Debug;
		};
		7FBEBDF82B95C5AC005B827C /* Release */ = {
			isa = XCBuildConfiguration;
			buildSettings = {
				ALWAYS_SEARCH_USER_PATHS = NO;
				ASSETCATALOG_COMPILER_GENERATE_SWIFT_ASSET_SYMBOL_EXTENSIONS = YES;
				CLANG_ANALYZER_NONNULL = YES;
				CLANG_ANALYZER_NUMBER_OBJECT_CONVERSION = YES_AGGRESSIVE;
				CLANG_CXX_LANGUAGE_STANDARD = "gnu++20";
				CLANG_ENABLE_MODULES = YES;
				CLANG_ENABLE_OBJC_ARC = YES;
				CLANG_ENABLE_OBJC_WEAK = YES;
				CLANG_WARN_BLOCK_CAPTURE_AUTORELEASING = YES;
				CLANG_WARN_BOOL_CONVERSION = YES;
				CLANG_WARN_COMMA = YES;
				CLANG_WARN_CONSTANT_CONVERSION = YES;
				CLANG_WARN_DEPRECATED_OBJC_IMPLEMENTATIONS = YES;
				CLANG_WARN_DIRECT_OBJC_ISA_USAGE = YES_ERROR;
				CLANG_WARN_DOCUMENTATION_COMMENTS = YES;
				CLANG_WARN_EMPTY_BODY = YES;
				CLANG_WARN_ENUM_CONVERSION = YES;
				CLANG_WARN_INFINITE_RECURSION = YES;
				CLANG_WARN_INT_CONVERSION = YES;
				CLANG_WARN_NON_LITERAL_NULL_CONVERSION = YES;
				CLANG_WARN_OBJC_IMPLICIT_RETAIN_SELF = YES;
				CLANG_WARN_OBJC_LITERAL_CONVERSION = YES;
				CLANG_WARN_OBJC_ROOT_CLASS = YES_ERROR;
				CLANG_WARN_QUOTED_INCLUDE_IN_FRAMEWORK_HEADER = YES;
				CLANG_WARN_RANGE_LOOP_ANALYSIS = YES;
				CLANG_WARN_STRICT_PROTOTYPES = YES;
				CLANG_WARN_SUSPICIOUS_MOVE = YES;
				CLANG_WARN_UNGUARDED_AVAILABILITY = YES_AGGRESSIVE;
				CLANG_WARN_UNREACHABLE_CODE = YES;
				CLANG_WARN__DUPLICATE_METHOD_MATCH = YES;
				COPY_PHASE_STRIP = NO;
				DEBUG_INFORMATION_FORMAT = "dwarf-with-dsym";
				ENABLE_NS_ASSERTIONS = NO;
				ENABLE_STRICT_OBJC_MSGSEND = YES;
				ENABLE_USER_SCRIPT_SANDBOXING = YES;
				GCC_C_LANGUAGE_STANDARD = gnu17;
				GCC_NO_COMMON_BLOCKS = YES;
				GCC_WARN_64_TO_32_BIT_CONVERSION = YES;
				GCC_WARN_ABOUT_RETURN_TYPE = YES_ERROR;
				GCC_WARN_UNDECLARED_SELECTOR = YES;
				GCC_WARN_UNINITIALIZED_AUTOS = YES_AGGRESSIVE;
				GCC_WARN_UNUSED_FUNCTION = YES;
				GCC_WARN_UNUSED_VARIABLE = YES;
				IPHONEOS_DEPLOYMENT_TARGET = 17.0;
				LOCALIZATION_PREFERS_STRING_CATALOGS = YES;
				MTL_ENABLE_DEBUG_INFO = NO;
				MTL_FAST_MATH = YES;
				SDKROOT = iphoneos;
				SWIFT_COMPILATION_MODE = wholemodule;
				VALIDATE_PRODUCT = YES;
			};
			name = Release;
		};
		7FBEBDFA2B95C5AC005B827C /* Debug */ = {
			isa = XCBuildConfiguration;
			buildSettings = {
				ASSETCATALOG_COMPILER_APPICON_NAME = AppIcon;
				ASSETCATALOG_COMPILER_GLOBAL_ACCENT_COLOR_NAME = AccentColor;
				CODE_SIGN_STYLE = Automatic;
				CURRENT_PROJECT_VERSION = 1;
				GENERATE_INFOPLIST_FILE = YES;
				INFOPLIST_FILE = realmTestApp/Info.plist;
				INFOPLIST_KEY_UIApplicationSupportsIndirectInputEvents = YES;
				INFOPLIST_KEY_UILaunchStoryboardName = LaunchScreen;
				INFOPLIST_KEY_UIMainStoryboardFile = Main;
				INFOPLIST_KEY_UISupportedInterfaceOrientations_iPad = "UIInterfaceOrientationPortrait UIInterfaceOrientationPortraitUpsideDown UIInterfaceOrientationLandscapeLeft UIInterfaceOrientationLandscapeRight";
				INFOPLIST_KEY_UISupportedInterfaceOrientations_iPhone = "UIInterfaceOrientationPortrait UIInterfaceOrientationLandscapeLeft UIInterfaceOrientationLandscapeRight";
				LD_RUNPATH_SEARCH_PATHS = (
					"$(inherited)",
					"@executable_path/Frameworks",
				);
				MARKETING_VERSION = 1.0;
				PRODUCT_BUNDLE_IDENTIFIER = com.globaldatatek.realmTestApp;
				PRODUCT_NAME = "$(TARGET_NAME)";
				SWIFT_EMIT_LOC_STRINGS = YES;
				SWIFT_VERSION = 5.0;
				TARGETED_DEVICE_FAMILY = "1,2";
			};
			name = Debug;
		};
		7FBEBDFB2B95C5AC005B827C /* Release */ = {
			isa = XCBuildConfiguration;
			buildSettings = {
				ASSETCATALOG_COMPILER_APPICON_NAME = AppIcon;
				ASSETCATALOG_COMPILER_GLOBAL_ACCENT_COLOR_NAME = AccentColor;
				CODE_SIGN_STYLE = Automatic;
				CURRENT_PROJECT_VERSION = 1;
				GENERATE_INFOPLIST_FILE = YES;
				INFOPLIST_FILE = realmTestApp/Info.plist;
				INFOPLIST_KEY_UIApplicationSupportsIndirectInputEvents = YES;
				INFOPLIST_KEY_UILaunchStoryboardName = LaunchScreen;
				INFOPLIST_KEY_UIMainStoryboardFile = Main;
				INFOPLIST_KEY_UISupportedInterfaceOrientations_iPad = "UIInterfaceOrientationPortrait UIInterfaceOrientationPortraitUpsideDown UIInterfaceOrientationLandscapeLeft UIInterfaceOrientationLandscapeRight";
				INFOPLIST_KEY_UISupportedInterfaceOrientations_iPhone = "UIInterfaceOrientationPortrait UIInterfaceOrientationLandscapeLeft UIInterfaceOrientationLandscapeRight";
				LD_RUNPATH_SEARCH_PATHS = (
					"$(inherited)",
					"@executable_path/Frameworks",
				);
				MARKETING_VERSION = 1.0;
				PRODUCT_BUNDLE_IDENTIFIER = com.globaldatatek.realmTestApp;
				PRODUCT_NAME = "$(TARGET_NAME)";
				SWIFT_EMIT_LOC_STRINGS = YES;
				SWIFT_VERSION = 5.0;
				TARGETED_DEVICE_FAMILY = "1,2";
			};
			name = Release;
		};
		7FBEBDFD2B95C5AC005B827C /* Debug */ = {
			isa = XCBuildConfiguration;
			buildSettings = {
				ALWAYS_EMBED_SWIFT_STANDARD_LIBRARIES = YES;
				BUNDLE_LOADER = "$(TEST_HOST)";
				CODE_SIGN_STYLE = Automatic;
				CURRENT_PROJECT_VERSION = 1;
				GENERATE_INFOPLIST_FILE = YES;
				IPHONEOS_DEPLOYMENT_TARGET = 17.0;
				MARKETING_VERSION = 1.0;
				PRODUCT_BUNDLE_IDENTIFIER = com.globaldatatek.realmTestAppTests;
				PRODUCT_NAME = "$(TARGET_NAME)";
				SWIFT_EMIT_LOC_STRINGS = NO;
				SWIFT_VERSION = 5.0;
				TARGETED_DEVICE_FAMILY = "1,2";
				TEST_HOST = "$(BUILT_PRODUCTS_DIR)/realmTestApp.app/$(BUNDLE_EXECUTABLE_FOLDER_PATH)/realmTestApp";
			};
			name = Debug;
		};
		7FBEBDFE2B95C5AC005B827C /* Release */ = {
			isa = XCBuildConfiguration;
			buildSettings = {
				ALWAYS_EMBED_SWIFT_STANDARD_LIBRARIES = YES;
				BUNDLE_LOADER = "$(TEST_HOST)";
				CODE_SIGN_STYLE = Automatic;
				CURRENT_PROJECT_VERSION = 1;
				GENERATE_INFOPLIST_FILE = YES;
				IPHONEOS_DEPLOYMENT_TARGET = 17.0;
				MARKETING_VERSION = 1.0;
				PRODUCT_BUNDLE_IDENTIFIER = com.globaldatatek.realmTestAppTests;
				PRODUCT_NAME = "$(TARGET_NAME)";
				SWIFT_EMIT_LOC_STRINGS = NO;
				SWIFT_VERSION = 5.0;
				TARGETED_DEVICE_FAMILY = "1,2";
				TEST_HOST = "$(BUILT_PRODUCTS_DIR)/realmTestApp.app/$(BUNDLE_EXECUTABLE_FOLDER_PATH)/realmTestApp";
			};
			name = Release;
		};
		7FBEBE002B95C5AC005B827C /* Debug */ = {
			isa = XCBuildConfiguration;
			buildSettings = {
				ALWAYS_EMBED_SWIFT_STANDARD_LIBRARIES = YES;
				CODE_SIGN_STYLE = Automatic;
				CURRENT_PROJECT_VERSION = 1;
				GENERATE_INFOPLIST_FILE = YES;
				MARKETING_VERSION = 1.0;
				PRODUCT_BUNDLE_IDENTIFIER = com.globaldatatek.realmTestAppUITests;
				PRODUCT_NAME = "$(TARGET_NAME)";
				SWIFT_EMIT_LOC_STRINGS = NO;
				SWIFT_VERSION = 5.0;
				TARGETED_DEVICE_FAMILY = "1,2";
				TEST_TARGET_NAME = realmTestApp;
			};
			name = Debug;
		};
		7FBEBE012B95C5AC005B827C /* Release */ = {
			isa = XCBuildConfiguration;
			buildSettings = {
				ALWAYS_EMBED_SWIFT_STANDARD_LIBRARIES = YES;
				CODE_SIGN_STYLE = Automatic;
				CURRENT_PROJECT_VERSION = 1;
				GENERATE_INFOPLIST_FILE = YES;
				MARKETING_VERSION = 1.0;
				PRODUCT_BUNDLE_IDENTIFIER = com.globaldatatek.realmTestAppUITests;
				PRODUCT_NAME = "$(TARGET_NAME)";
				SWIFT_EMIT_LOC_STRINGS = NO;
				SWIFT_VERSION = 5.0;
				TARGETED_DEVICE_FAMILY = "1,2";
				TEST_TARGET_NAME = realmTestApp;
			};
			name = Release;
		};
/* End XCBuildConfiguration section */

/* Begin XCConfigurationList section */
		7FBEBDCA2B95C5A5005B827C /* Build configuration list for PBXProject "realmTestApp" */ = {
			isa = XCConfigurationList;
			buildConfigurations = (
				7FBEBDF72B95C5AC005B827C /* Debug */,
				7FBEBDF82B95C5AC005B827C /* Release */,
			);
			defaultConfigurationIsVisible = 0;
			defaultConfigurationName = Release;
		};
		7FBEBDF92B95C5AC005B827C /* Build configuration list for PBXNativeTarget "realmTestApp" */ = {
			isa = XCConfigurationList;
			buildConfigurations = (
				7FBEBDFA2B95C5AC005B827C /* Debug */,
				7FBEBDFB2B95C5AC005B827C /* Release */,
			);
			defaultConfigurationIsVisible = 0;
			defaultConfigurationName = Release;
		};
		7FBEBDFC2B95C5AC005B827C /* Build configuration list for PBXNativeTarget "realmTestAppTests" */ = {
			isa = XCConfigurationList;
			buildConfigurations = (
				7FBEBDFD2B95C5AC005B827C /* Debug */,
				7FBEBDFE2B95C5AC005B827C /* Release */,
			);
			defaultConfigurationIsVisible = 0;
			defaultConfigurationName = Release;
		};
		7FBEBDFF2B95C5AC005B827C /* Build configuration list for PBXNativeTarget "realmTestAppUITests" */ = {
			isa = XCConfigurationList;
			buildConfigurations = (
				7FBEBE002B95C5AC005B827C /* Debug */,
				7FBEBE012B95C5AC005B827C /* Release */,
			);
			defaultConfigurationIsVisible = 0;
			defaultConfigurationName = Release;
		};
/* End XCConfigurationList section */
	};
	rootObject = 7FBEBDC72B95C5A5005B827C /* Project object */;
}
